# THIS IS AN AUTOGENERATED FILE. DO NOT EDIT THIS FILE DIRECTLY.
# yarn lockfile v1


sqlx-ts@^0.9.3:
  version "0.9.3"
  resolved "https://registry.yarnpkg.com/sqlx-ts/-/sqlx-ts-0.9.3.tgz#1d8b52b67693b540482b5213bb2f73b2ab61ac60"
  integrity sha512-QSnx/zu0yM4wdPian7RI187jVSe8wyf5YtEh/Wmf+l6AEYtQGSSVU02f5TLjsO0+4sRKM81mfBCPoS0CN3DLrQ==
